// !$*UTF8*$!
{
	archiveVersion = 1;
	classes = {
	};
	objectVersion = 60;
	objects = {

/* Begin PBXBuildFile section */
		1A1000000000000000000001 /* AppDelegate.swift in Sources */ = {isa = PBXBuildFile; fileRef = 1A1000000000000000000101 /* AppDelegate.swift */; };
		1A1000000000000000000002 /* DirectMoveEventExecutor.swift in Sources */ = {isa = PBXBuildFile; fileRef = 1A1000000000000000000102 /* DirectMoveEventExecutor.swift */; };
		1A1000000000000000000003 /* HiddenItemsPanelWindowController.swift in Sources */ = {isa = PBXBuildFile; fileRef = 1A1000000000000000000103 /* HiddenItemsPanelWindowController.swift */; };
		1A1000000000000000000004 /* LayoutApplicationController.swift in Sources */ = {isa = PBXBuildFile; fileRef = 1A1000000000000000000104 /* LayoutApplicationController.swift */; };
		1A1000000000000000000005 /* LayoutEditorView.swift in Sources */ = {isa = PBXBuildFile; fileRef = 1A1000000000000000000105 /* LayoutEditorView.swift */; };
		1A1000000000000000000006 /* LayoutEditorWindowController.swift in Sources */ = {isa = PBXBuildFile; fileRef = 1A1000000000000000000106 /* LayoutEditorWindowController.swift */; };
		1A1000000000000000000007 /* MenuBarController.swift in Sources */ = {isa = PBXBuildFile; fileRef = 1A1000000000000000000107 /* MenuBarController.swift */; };
		1A1000000000000000000008 /* MenuBarThumbnailProvider.swift in Sources */ = {isa = PBXBuildFile; fileRef = 1A1000000000000000000108 /* MenuBarThumbnailProvider.swift */; };
		1A1000000000000000000009 /* PublicMenuBarDiscoveryProvider.swift in Sources */ = {isa = PBXBuildFile; fileRef = 1A1000000000000000000109 /* PublicMenuBarDiscoveryProvider.swift */; };
		1A100000000000000000000A /* ScanResultsWindowController.swift in Sources */ = {isa = PBXBuildFile; fileRef = 1A100000000000000000010A /* ScanResultsWindowController.swift */; };
		1A100000000000000000000B /* SettingsView.swift in Sources */ = {isa = PBXBuildFile; fileRef = 1A100000000000000000010B /* SettingsView.swift */; };
		1A100000000000000000000C /* SettingsViewModel.swift in Sources */ = {isa = PBXBuildFile; fileRef = 1A100000000000000000010C /* SettingsViewModel.swift */; };
		1A100000000000000000000D /* SettingsWindowController.swift in Sources */ = {isa = PBXBuildFile; fileRef = 1A100000000000000000010D /* SettingsWindowController.swift */; };
		1A100000000000000000000E /* StatusSectionController.swift in Sources */ = {isa = PBXBuildFile; fileRef = 1A100000000000000000010E /* StatusSectionController.swift */; };
		1A100000000000000000000F /* SystemPermissionChecker.swift in Sources */ = {isa = PBXBuildFile; fileRef = 1A100000000000000000010F /* SystemPermissionChecker.swift */; };
		1A1000000000000000000010 /* main.swift in Sources */ = {isa = PBXBuildFile; fileRef = 1A1000000000000000000110 /* main.swift */; };
		1A1000000000000000000011 /* Corona.icns in Resources */ = {isa = PBXBuildFile; fileRef = 1A1000000000000000000111 /* Corona.icns */; };
		1A1000000000000000000013 /* MainPanelWindowController.swift in Sources */ = {isa = PBXBuildFile; fileRef = 1A1000000000000000000116 /* MainPanelWindowController.swift */; };
		1A1000000000000000000014 /* CoronaDebugLog.swift in Sources */ = {isa = PBXBuildFile; fileRef = 1A1000000000000000000117 /* CoronaDebugLog.swift */; };
		1A1000000000000000000015 /* MenuBarVisualSnapshotProvider.swift in Sources */ = {isa = PBXBuildFile; fileRef = 1A1000000000000000000118 /* MenuBarVisualSnapshotProvider.swift */; };
		1A1000000000000000000016 /* HiddenItemsHoverBarController.swift in Sources */ = {isa = PBXBuildFile; fileRef = 1A1000000000000000000119 /* HiddenItemsHoverBarController.swift */; };
		1A1000000000000000000017 /* PrivateMenuBarWindowListProvider.swift in Sources */ = {isa = PBXBuildFile; fileRef = 1A100000000000000000011A /* PrivateMenuBarWindowListProvider.swift */; };
		1A1000000000000000000018 /* AXMenuBarSourcePIDResolver.swift in Sources */ = {isa = PBXBuildFile; fileRef = 1A100000000000000000011B /* AXMenuBarSourcePIDResolver.swift */; };
		1A1000000000000000000019 /* SkyLightWindowImageProvider.swift in Sources */ = {isa = PBXBuildFile; fileRef = 1A100000000000000000011C /* SkyLightWindowImageProvider.swift */; };
		1A100000000000000000001A /* MenuBarAppearanceSampler.swift in Sources */ = {isa = PBXBuildFile; fileRef = 1A100000000000000000011D /* MenuBarAppearanceSampler.swift */; };
		1A2000000000000000000001 /* DiagnosticLogger.swift in Sources */ = {isa = PBXBuildFile; fileRef = 1A2000000000000000000101 /* DiagnosticLogger.swift */; };
		1A2000000000000000000002 /* DiscoveryCapability.swift in Sources */ = {isa = PBXBuildFile; fileRef = 1A2000000000000000000102 /* DiscoveryCapability.swift */; };
		1A2000000000000000000003 /* ItemCacheBuilder.swift in Sources */ = {isa = PBXBuildFile; fileRef = 1A2000000000000000000103 /* ItemCacheBuilder.swift */; };
		1A2000000000000000000004 /* MenuBarCacheController.swift in Sources */ = {isa = PBXBuildFile; fileRef = 1A2000000000000000000104 /* MenuBarCacheController.swift */; };
		1A2000000000000000000005 /* MenuBarDiscoveryProvider.swift in Sources */ = {isa = PBXBuildFile; fileRef = 1A2000000000000000000105 /* MenuBarDiscoveryProvider.swift */; };
		1A2000000000000000000006 /* MenuBarDisplayDuplicateFilter.swift in Sources */ = {isa = PBXBuildFile; fileRef = 1A2000000000000000000106 /* MenuBarDisplayDuplicateFilter.swift */; };
		1A2000000000000000000007 /* MenuBarItemIdentityAssigner.swift in Sources */ = {isa = PBXBuildFile; fileRef = 1A2000000000000000000107 /* MenuBarItemIdentityAssigner.swift */; };
		1A2000000000000000000008 /* MenuBarTargetDisplayFilter.swift in Sources */ = {isa = PBXBuildFile; fileRef = 1A2000000000000000000108 /* MenuBarTargetDisplayFilter.swift */; };
		1A2000000000000000000009 /* MenuBarWindowCandidateFilter.swift in Sources */ = {isa = PBXBuildFile; fileRef = 1A2000000000000000000109 /* MenuBarWindowCandidateFilter.swift */; };
		1A200000000000000000000A /* SnapshotPollingGate.swift in Sources */ = {isa = PBXBuildFile; fileRef = 1A200000000000000000010A /* SnapshotPollingGate.swift */; };
		1A200000000000000000000B /* DistributionChannel.swift in Sources */ = {isa = PBXBuildFile; fileRef = 1A200000000000000000010B /* DistributionChannel.swift */; };
		1A200000000000000000000C /* LayoutApplicationPlanner.swift in Sources */ = {isa = PBXBuildFile; fileRef = 1A200000000000000000010C /* LayoutApplicationPlanner.swift */; };
		1A200000000000000000000D /* LayoutDraft.swift in Sources */ = {isa = PBXBuildFile; fileRef = 1A200000000000000000010D /* LayoutDraft.swift */; };
		1A200000000000000000000E /* LayoutPlanner.swift in Sources */ = {isa = PBXBuildFile; fileRef = 1A200000000000000000010E /* LayoutPlanner.swift */; };
		1A200000000000000000000F /* SectionClassifier.swift in Sources */ = {isa = PBXBuildFile; fileRef = 1A200000000000000000010F /* SectionClassifier.swift */; };
		1A2000000000000000000010 /* SectionOrder.swift in Sources */ = {isa = PBXBuildFile; fileRef = 1A2000000000000000000110 /* SectionOrder.swift */; };
		1A2000000000000000000011 /* ItemCache.swift in Sources */ = {isa = PBXBuildFile; fileRef = 1A2000000000000000000111 /* ItemCache.swift */; };
		1A2000000000000000000012 /* MenuBarInteractionGeometry.swift in Sources */ = {isa = PBXBuildFile; fileRef = 1A2000000000000000000112 /* MenuBarInteractionGeometry.swift */; };
		1A2000000000000000000013 /* MenuBarItem.swift in Sources */ = {isa = PBXBuildFile; fileRef = 1A2000000000000000000113 /* MenuBarItem.swift */; };
		1A2000000000000000000014 /* MoveDestination.swift in Sources */ = {isa = PBXBuildFile; fileRef = 1A2000000000000000000114 /* MoveDestination.swift */; };
		1A2000000000000000000015 /* MoveDestinationResolver.swift in Sources */ = {isa = PBXBuildFile; fileRef = 1A2000000000000000000115 /* MoveDestinationResolver.swift */; };
		1A2000000000000000000016 /* PermissionStatus.swift in Sources */ = {isa = PBXBuildFile; fileRef = 1A2000000000000000000116 /* PermissionStatus.swift */; };
		1A2000000000000000000017 /* LayoutPersistence.swift in Sources */ = {isa = PBXBuildFile; fileRef = 1A2000000000000000000117 /* LayoutPersistence.swift */; };
		1A2000000000000000000018 /* PendingRelocation.swift in Sources */ = {isa = PBXBuildFile; fileRef = 1A2000000000000000000118 /* PendingRelocation.swift */; };
		1A2000000000000000000019 /* UserDefaultsSettingsStore.swift in Sources */ = {isa = PBXBuildFile; fileRef = 1A2000000000000000000119 /* UserDefaultsSettingsStore.swift */; };
		1A200000000000000000001A /* AppSettings.swift in Sources */ = {isa = PBXBuildFile; fileRef = 1A200000000000000000011A /* AppSettings.swift */; };
/* End PBXBuildFile section */

/* Begin PBXFileReference section */
		1A1000000000000000000101 /* AppDelegate.swift */ = {isa = PBXFileReference; lastKnownFileType = sourcecode.swift; path = AppDelegate.swift; sourceTree = "<group>"; };
		1A1000000000000000000102 /* DirectMoveEventExecutor.swift */ = {isa = PBXFileReference; lastKnownFileType = sourcecode.swift; path = DirectMoveEventExecutor.swift; sourceTree = "<group>"; };
		1A1000000000000000000103 /* HiddenItemsPanelWindowController.swift */ = {isa = PBXFileReference; lastKnownFileType = sourcecode.swift; path = HiddenItemsPanelWindowController.swift; sourceTree = "<group>"; };
		1A1000000000000000000104 /* LayoutApplicationController.swift */ = {isa = PBXFileReference; lastKnownFileType = sourcecode.swift; path = LayoutApplicationController.swift; sourceTree = "<group>"; };
		1A1000000000000000000105 /* LayoutEditorView.swift */ = {isa = PBXFileReference; lastKnownFileType = sourcecode.swift; path = LayoutEditorView.swift; sourceTree = "<group>"; };
		1A1000000000000000000106 /* LayoutEditorWindowController.swift */ = {isa = PBXFileReference; lastKnownFileType = sourcecode.swift; path = LayoutEditorWindowController.swift; sourceTree = "<group>"; };
		1A1000000000000000000107 /* MenuBarController.swift */ = {isa = PBXFileReference; lastKnownFileType = sourcecode.swift; path = MenuBarController.swift; sourceTree = "<group>"; };
		1A1000000000000000000108 /* MenuBarThumbnailProvider.swift */ = {isa = PBXFileReference; lastKnownFileType = sourcecode.swift; path = MenuBarThumbnailProvider.swift; sourceTree = "<group>"; };
		1A1000000000000000000109 /* PublicMenuBarDiscoveryProvider.swift */ = {isa = PBXFileReference; lastKnownFileType = sourcecode.swift; path = PublicMenuBarDiscoveryProvider.swift; sourceTree = "<group>"; };
		1A100000000000000000010A /* ScanResultsWindowController.swift */ = {isa = PBXFileReference; lastKnownFileType = sourcecode.swift; path = ScanResultsWindowController.swift; sourceTree = "<group>"; };
		1A100000000000000000010B /* SettingsView.swift */ = {isa = PBXFileReference; lastKnownFileType = sourcecode.swift; path = SettingsView.swift; sourceTree = "<group>"; };
		1A100000000000000000010C /* SettingsViewModel.swift */ = {isa = PBXFileReference; lastKnownFileType = sourcecode.swift; path = SettingsViewModel.swift; sourceTree = "<group>"; };
		1A100000000000000000010D /* SettingsWindowController.swift */ = {isa = PBXFileReference; lastKnownFileType = sourcecode.swift; path = SettingsWindowController.swift; sourceTree = "<group>"; };
		1A100000000000000000010E /* StatusSectionController.swift */ = {isa = PBXFileReference; lastKnownFileType = sourcecode.swift; path = StatusSectionController.swift; sourceTree = "<group>"; };
		1A100000000000000000010F /* SystemPermissionChecker.swift */ = {isa = PBXFileReference; lastKnownFileType = sourcecode.swift; path = SystemPermissionChecker.swift; sourceTree = "<group>"; };
		1A1000000000000000000110 /* main.swift */ = {isa = PBXFileReference; lastKnownFileType = sourcecode.swift; path = main.swift; sourceTree = "<group>"; };
		1A1000000000000000000111 /* Corona.icns */ = {isa = PBXFileReference; lastKnownFileType = image.icns; path = Corona.icns; sourceTree = "<group>"; };
		1A1000000000000000000112 /* Info.plist */ = {isa = PBXFileReference; lastKnownFileType = text.plist.xml; path = Info.plist; sourceTree = "<group>"; };
		1A1000000000000000000113 /* Corona.entitlements */ = {isa = PBXFileReference; lastKnownFileType = text.plist.entitlements; path = Corona.entitlements; sourceTree = "<group>"; };
		1A1000000000000000000114 /* Package.swift */ = {isa = PBXFileReference; lastKnownFileType = sourcecode.swift; path = Package.swift; sourceTree = SOURCE_ROOT; };
		1A1000000000000000000115 /* Corona.app */ = {isa = PBXFileReference; explicitFileType = wrapper.application; includeInIndex = 0; path = Corona.app; sourceTree = BUILT_PRODUCTS_DIR; };
		1A1000000000000000000116 /* MainPanelWindowController.swift */ = {isa = PBXFileReference; lastKnownFileType = sourcecode.swift; path = MainPanelWindowController.swift; sourceTree = "<group>"; };
		1A1000000000000000000117 /* CoronaDebugLog.swift */ = {isa = PBXFileReference; lastKnownFileType = sourcecode.swift; path = CoronaDebugLog.swift; sourceTree = "<group>"; };
		1A1000000000000000000118 /* MenuBarVisualSnapshotProvider.swift */ = {isa = PBXFileReference; lastKnownFileType = sourcecode.swift; path = MenuBarVisualSnapshotProvider.swift; sourceTree = "<group>"; };
		1A1000000000000000000119 /* HiddenItemsHoverBarController.swift */ = {isa = PBXFileReference; lastKnownFileType = sourcecode.swift; path = HiddenItemsHoverBarController.swift; sourceTree = "<group>"; };
		1A100000000000000000011A /* PrivateMenuBarWindowListProvider.swift */ = {isa = PBXFileReference; lastKnownFileType = sourcecode.swift; path = PrivateMenuBarWindowListProvider.swift; sourceTree = "<group>"; };
		1A100000000000000000011B /* AXMenuBarSourcePIDResolver.swift */ = {isa = PBXFileReference; lastKnownFileType = sourcecode.swift; path = AXMenuBarSourcePIDResolver.swift; sourceTree = "<group>"; };
		1A100000000000000000011C /* SkyLightWindowImageProvider.swift */ = {isa = PBXFileReference; lastKnownFileType = sourcecode.swift; path = SkyLightWindowImageProvider.swift; sourceTree = "<group>"; };
		1A100000000000000000011D /* MenuBarAppearanceSampler.swift */ = {isa = PBXFileReference; lastKnownFileType = sourcecode.swift; path = MenuBarAppearanceSampler.swift; sourceTree = "<group>"; };
		1A2000000000000000000101 /* DiagnosticLogger.swift */ = {isa = PBXFileReference; lastKnownFileType = sourcecode.swift; path = DiagnosticLogger.swift; sourceTree = "<group>"; };
		1A2000000000000000000102 /* DiscoveryCapability.swift */ = {isa = PBXFileReference; lastKnownFileType = sourcecode.swift; path = DiscoveryCapability.swift; sourceTree = "<group>"; };
		1A2000000000000000000103 /* ItemCacheBuilder.swift */ = {isa = PBXFileReference; lastKnownFileType = sourcecode.swift; path = ItemCacheBuilder.swift; sourceTree = "<group>"; };
		1A2000000000000000000104 /* MenuBarCacheController.swift */ = {isa = PBXFileReference; lastKnownFileType = sourcecode.swift; path = MenuBarCacheController.swift; sourceTree = "<group>"; };
		1A2000000000000000000105 /* MenuBarDiscoveryProvider.swift */ = {isa = PBXFileReference; lastKnownFileType = sourcecode.swift; path = MenuBarDiscoveryProvider.swift; sourceTree = "<group>"; };
		1A2000000000000000000106 /* MenuBarDisplayDuplicateFilter.swift */ = {isa = PBXFileReference; lastKnownFileType = sourcecode.swift; path = MenuBarDisplayDuplicateFilter.swift; sourceTree = "<group>"; };
		1A2000000000000000000107 /* MenuBarItemIdentityAssigner.swift */ = {isa = PBXFileReference; lastKnownFileType = sourcecode.swift; path = MenuBarItemIdentityAssigner.swift; sourceTree = "<group>"; };
		1A2000000000000000000108 /* MenuBarTargetDisplayFilter.swift */ = {isa = PBXFileReference; lastKnownFileType = sourcecode.swift; path = MenuBarTargetDisplayFilter.swift; sourceTree = "<group>"; };
		1A2000000000000000000109 /* MenuBarWindowCandidateFilter.swift */ = {isa = PBXFileReference; lastKnownFileType = sourcecode.swift; path = MenuBarWindowCandidateFilter.swift; sourceTree = "<group>"; };
		1A200000000000000000010A /* SnapshotPollingGate.swift */ = {isa = PBXFileReference; lastKnownFileType = sourcecode.swift; path = SnapshotPollingGate.swift; sourceTree = "<group>"; };
		1A200000000000000000010B /* DistributionChannel.swift */ = {isa = PBXFileReference; lastKnownFileType = sourcecode.swift; path = DistributionChannel.swift; sourceTree = "<group>"; };
		1A200000000000000000010C /* LayoutApplicationPlanner.swift */ = {isa = PBXFileReference; lastKnownFileType = sourcecode.swift; path = LayoutApplicationPlanner.swift; sourceTree = "<group>"; };
		1A200000000000000000010D /* LayoutDraft.swift */ = {isa = PBXFileReference; lastKnownFileType = sourcecode.swift; path = LayoutDraft.swift; sourceTree = "<group>"; };
		1A200000000000000000010E /* LayoutPlanner.swift */ = {isa = PBXFileReference; lastKnownFileType = sourcecode.swift; path = LayoutPlanner.swift; sourceTree = "<group>"; };
		1A200000000000000000010F /* SectionClassifier.swift */ = {isa = PBXFileReference; lastKnownFileType = sourcecode.swift; path = SectionClassifier.swift; sourceTree = "<group>"; };
		1A2000000000000000000110 /* SectionOrder.swift */ = {isa = PBXFileReference; lastKnownFileType = sourcecode.swift; path = SectionOrder.swift; sourceTree = "<group>"; };
		1A2000000000000000000111 /* ItemCache.swift */ = {isa = PBXFileReference; lastKnownFileType = sourcecode.swift; path = ItemCache.swift; sourceTree = "<group>"; };
		1A2000000000000000000112 /* MenuBarInteractionGeometry.swift */ = {isa = PBXFileReference; lastKnownFileType = sourcecode.swift; path = MenuBarInteractionGeometry.swift; sourceTree = "<group>"; };
		1A2000000000000000000113 /* MenuBarItem.swift */ = {isa = PBXFileReference; lastKnownFileType = sourcecode.swift; path = MenuBarItem.swift; sourceTree = "<group>"; };
		1A2000000000000000000114 /* MoveDestination.swift */ = {isa = PBXFileReference; lastKnownFileType = sourcecode.swift; path = MoveDestination.swift; sourceTree = "<group>"; };
		1A2000000000000000000115 /* MoveDestinationResolver.swift */ = {isa = PBXFileReference; lastKnownFileType = sourcecode.swift; path = MoveDestinationResolver.swift; sourceTree = "<group>"; };
		1A2000000000000000000116 /* PermissionStatus.swift */ = {isa = PBXFileReference; lastKnownFileType = sourcecode.swift; path = PermissionStatus.swift; sourceTree = "<group>"; };
		1A2000000000000000000117 /* LayoutPersistence.swift */ = {isa = PBXFileReference; lastKnownFileType = sourcecode.swift; path = LayoutPersistence.swift; sourceTree = "<group>"; };
		1A2000000000000000000118 /* PendingRelocation.swift */ = {isa = PBXFileReference; lastKnownFileType = sourcecode.swift; path = PendingRelocation.swift; sourceTree = "<group>"; };
		1A2000000000000000000119 /* UserDefaultsSettingsStore.swift */ = {isa = PBXFileReference; lastKnownFileType = sourcecode.swift; path = UserDefaultsSettingsStore.swift; sourceTree = "<group>"; };
		1A200000000000000000011A /* AppSettings.swift */ = {isa = PBXFileReference; lastKnownFileType = sourcecode.swift; path = AppSettings.swift; sourceTree = "<group>"; };
/* End PBXFileReference section */

/* Begin PBXFrameworksBuildPhase section */
		1A1000000000000000000201 /* Frameworks */ = {
			isa = PBXFrameworksBuildPhase;
			buildActionMask = 2147483647;
			files = (
			);
			runOnlyForDeploymentPostprocessing = 0;
		};
/* End PBXFrameworksBuildPhase section */

/* Begin PBXGroup section */
		1A1000000000000000000301 = {
			isa = PBXGroup;
			children = (
				1A1000000000000000000302 /* Sources */,
				1A1000000000000000000304 /* App */,
				1A1000000000000000000114 /* Package.swift */,
				1A1000000000000000000305 /* Products */,
			);
			sourceTree = "<group>";
		};
		1A1000000000000000000302 /* Sources */ = {
			isa = PBXGroup;
			children = (
				1A1000000000000000000303 /* CoronaApp */,
				1A2000000000000000000301 /* CoronaCore */,
			);
			path = Sources;
			sourceTree = "<group>";
		};
		1A1000000000000000000303 /* CoronaApp */ = {
			isa = PBXGroup;
			children = (
				1A1000000000000000000101 /* AppDelegate.swift */,
				1A100000000000000000011B /* AXMenuBarSourcePIDResolver.swift */,
				1A1000000000000000000117 /* CoronaDebugLog.swift */,
				1A1000000000000000000102 /* DirectMoveEventExecutor.swift */,
				1A1000000000000000000119 /* HiddenItemsHoverBarController.swift */,
				1A1000000000000000000103 /* HiddenItemsPanelWindowController.swift */,
				1A1000000000000000000104 /* LayoutApplicationController.swift */,
				1A1000000000000000000105 /* LayoutEditorView.swift */,
				1A1000000000000000000106 /* LayoutEditorWindowController.swift */,
				1A1000000000000000000116 /* MainPanelWindowController.swift */,
				1A1000000000000000000107 /* MenuBarController.swift */,
				1A100000000000000000011D /* MenuBarAppearanceSampler.swift */,
				1A1000000000000000000108 /* MenuBarThumbnailProvider.swift */,
				1A1000000000000000000118 /* MenuBarVisualSnapshotProvider.swift */,
				1A100000000000000000011A /* PrivateMenuBarWindowListProvider.swift */,
				1A1000000000000000000109 /* PublicMenuBarDiscoveryProvider.swift */,
				1A100000000000000000010A /* ScanResultsWindowController.swift */,
				1A100000000000000000010B /* SettingsView.swift */,
				1A100000000000000000010C /* SettingsViewModel.swift */,
				1A100000000000000000010D /* SettingsWindowController.swift */,
				1A100000000000000000011C /* SkyLightWindowImageProvider.swift */,
				1A100000000000000000010E /* StatusSectionController.swift */,
				1A100000000000000000010F /* SystemPermissionChecker.swift */,
				1A1000000000000000000110 /* main.swift */,
			);
			path = CoronaApp;
			sourceTree = "<group>";
		};
		1A2000000000000000000301 /* CoronaCore */ = {
			isa = PBXGroup;
			children = (
				1A2000000000000000000302 /* Diagnostics */,
				1A2000000000000000000303 /* Discovery */,
				1A2000000000000000000304 /* Distribution */,
				1A2000000000000000000305 /* Layout */,
				1A2000000000000000000306 /* MenuBar */,
				1A2000000000000000000307 /* Move */,
				1A2000000000000000000308 /* Permissions */,
				1A2000000000000000000309 /* Persistence */,
				1A200000000000000000030A /* Settings */,
			);
			path = CoronaCore;
			sourceTree = "<group>";
		};
		1A2000000000000000000302 /* Diagnostics */ = {
			isa = PBXGroup;
			children = (
				1A2000000000000000000101 /* DiagnosticLogger.swift */,
			);
			path = Diagnostics;
			sourceTree = "<group>";
		};
		1A2000000000000000000303 /* Discovery */ = {
			isa = PBXGroup;
			children = (
				1A2000000000000000000102 /* DiscoveryCapability.swift */,
				1A2000000000000000000103 /* ItemCacheBuilder.swift */,
				1A2000000000000000000104 /* MenuBarCacheController.swift */,
				1A2000000000000000000105 /* MenuBarDiscoveryProvider.swift */,
				1A2000000000000000000106 /* MenuBarDisplayDuplicateFilter.swift */,
				1A2000000000000000000107 /* MenuBarItemIdentityAssigner.swift */,
				1A2000000000000000000108 /* MenuBarTargetDisplayFilter.swift */,
				1A2000000000000000000109 /* MenuBarWindowCandidateFilter.swift */,
				1A200000000000000000010A /* SnapshotPollingGate.swift */,
			);
			path = Discovery;
			sourceTree = "<group>";
		};
		1A2000000000000000000304 /* Distribution */ = {
			isa = PBXGroup;
			children = (
				1A200000000000000000010B /* DistributionChannel.swift */,
			);
			path = Distribution;
			sourceTree = "<group>";
		};
		1A2000000000000000000305 /* Layout */ = {
			isa = PBXGroup;
			children = (
				1A200000000000000000010C /* LayoutApplicationPlanner.swift */,
				1A200000000000000000010D /* LayoutDraft.swift */,
				1A200000000000000000010E /* LayoutPlanner.swift */,
				1A200000000000000000010F /* SectionClassifier.swift */,
				1A2000000000000000000110 /* SectionOrder.swift */,
			);
			path = Layout;
			sourceTree = "<group>";
		};
		1A2000000000000000000306 /* MenuBar */ = {
			isa = PBXGroup;
			children = (
				1A2000000000000000000111 /* ItemCache.swift */,
				1A2000000000000000000112 /* MenuBarInteractionGeometry.swift */,
				1A2000000000000000000113 /* MenuBarItem.swift */,
			);
			path = MenuBar;
			sourceTree = "<group>";
		};
		1A2000000000000000000307 /* Move */ = {
			isa = PBXGroup;
			children = (
				1A2000000000000000000114 /* MoveDestination.swift */,
				1A2000000000000000000115 /* MoveDestinationResolver.swift */,
			);
			path = Move;
			sourceTree = "<group>";
		};
		1A2000000000000000000308 /* Permissions */ = {
			isa = PBXGroup;
			children = (
				1A2000000000000000000116 /* PermissionStatus.swift */,
			);
			path = Permissions;
			sourceTree = "<group>";
		};
		1A2000000000000000000309 /* Persistence */ = {
			isa = PBXGroup;
			children = (
				1A2000000000000000000117 /* LayoutPersistence.swift */,
				1A2000000000000000000118 /* PendingRelocation.swift */,
				1A2000000000000000000119 /* UserDefaultsSettingsStore.swift */,
			);
			path = Persistence;
			sourceTree = "<group>";
		};
		1A200000000000000000030A /* Settings */ = {
			isa = PBXGroup;
			children = (
				1A200000000000000000011A /* AppSettings.swift */,
			);
			path = Settings;
			sourceTree = "<group>";
		};
		1A1000000000000000000304 /* App */ = {
			isa = PBXGroup;
			children = (
				1A1000000000000000000111 /* Corona.icns */,
				1A1000000000000000000113 /* Corona.entitlements */,
				1A1000000000000000000112 /* Info.plist */,
			);
			path = App;
			sourceTree = "<group>";
		};
		1A1000000000000000000305 /* Products */ = {
			isa = PBXGroup;
			children = (
				1A1000000000000000000115 /* Corona.app */,
			);
			name = Products;
			sourceTree = "<group>";
		};
/* End PBXGroup section */

/* Begin PBXNativeTarget section */
		1A1000000000000000000401 /* CoronaApp */ = {
			isa = PBXNativeTarget;
			buildConfigurationList = 1A1000000000000000000701 /* Build configuration list for PBXNativeTarget "CoronaApp" */;
			buildPhases = (
				1A1000000000000000000202 /* Sources */,
				1A1000000000000000000201 /* Frameworks */,
				1A1000000000000000000203 /* Resources */,
			);
			buildRules = (
			);
			dependencies = (
			);
			name = CoronaApp;
			packageProductDependencies = (
			);
			productName = Corona;
			productReference = 1A1000000000000000000115 /* Corona.app */;
			productType = "com.apple.product-type.application";
		};
/* End PBXNativeTarget section */

/* Begin PBXProject section */
		1A1000000000000000000601 /* Project object */ = {
			isa = PBXProject;
			attributes = {
				BuildIndependentTargetsInParallel = 1;
				LastSwiftUpdateCheck = 2620;
				LastUpgradeCheck = 2620;
				TargetAttributes = {
					1A1000000000000000000401 = {
						CreatedOnToolsVersion = 26.2;
					};
				};
			};
			buildConfigurationList = 1A1000000000000000000702 /* Build configuration list for PBXProject "Corona" */;
			compatibilityVersion = "Xcode 14.0";
			developmentRegion = en;
			hasScannedForEncodings = 0;
			knownRegions = (
				en,
				Base,
			);
			mainGroup = 1A1000000000000000000301;
			packageReferences = (
			);
			productRefGroup = 1A1000000000000000000305 /* Products */;
			projectDirPath = "";
			projectRoot = "";
			targets = (
				1A1000000000000000000401 /* CoronaApp */,
			);
		};
/* End PBXProject section */

/* Begin PBXResourcesBuildPhase section */
		1A1000000000000000000203 /* Resources */ = {
			isa = PBXResourcesBuildPhase;
			buildActionMask = 2147483647;
			files = (
				1A1000000000000000000011 /* Corona.icns in Resources */,
			);
			runOnlyForDeploymentPostprocessing = 0;
		};
/* End PBXResourcesBuildPhase section */

/* Begin PBXSourcesBuildPhase section */
		1A1000000000000000000202 /* Sources */ = {
			isa = PBXSourcesBuildPhase;
			buildActionMask = 2147483647;
			files = (
				1A1000000000000000000001 /* AppDelegate.swift in Sources */,
				1A1000000000000000000002 /* DirectMoveEventExecutor.swift in Sources */,
				1A1000000000000000000003 /* HiddenItemsPanelWindowController.swift in Sources */,
				1A1000000000000000000004 /* LayoutApplicationController.swift in Sources */,
				1A1000000000000000000005 /* LayoutEditorView.swift in Sources */,
				1A1000000000000000000006 /* LayoutEditorWindowController.swift in Sources */,
				1A1000000000000000000013 /* MainPanelWindowController.swift in Sources */,
				1A1000000000000000000014 /* CoronaDebugLog.swift in Sources */,
				1A1000000000000000000007 /* MenuBarController.swift in Sources */,
				1A1000000000000000000008 /* MenuBarThumbnailProvider.swift in Sources */,
				1A1000000000000000000015 /* MenuBarVisualSnapshotProvider.swift in Sources */,
				1A1000000000000000000016 /* HiddenItemsHoverBarController.swift in Sources */,
				1A1000000000000000000017 /* PrivateMenuBarWindowListProvider.swift in Sources */,
				1A1000000000000000000018 /* AXMenuBarSourcePIDResolver.swift in Sources */,
				1A1000000000000000000019 /* SkyLightWindowImageProvider.swift in Sources */,
				1A100000000000000000001A /* MenuBarAppearanceSampler.swift in Sources */,
				1A2000000000000000000001 /* DiagnosticLogger.swift in Sources */,
				1A2000000000000000000002 /* DiscoveryCapability.swift in Sources */,
				1A2000000000000000000003 /* ItemCacheBuilder.swift in Sources */,
				1A2000000000000000000004 /* MenuBarCacheController.swift in Sources */,
				1A2000000000000000000005 /* MenuBarDiscoveryProvider.swift in Sources */,
				1A2000000000000000000006 /* MenuBarDisplayDuplicateFilter.swift in Sources */,
				1A2000000000000000000007 /* MenuBarItemIdentityAssigner.swift in Sources */,
				1A2000000000000000000008 /* MenuBarTargetDisplayFilter.swift in Sources */,
				1A2000000000000000000009 /* MenuBarWindowCandidateFilter.swift in Sources */,
				1A200000000000000000000A /* SnapshotPollingGate.swift in Sources */,
				1A200000000000000000000B /* DistributionChannel.swift in Sources */,
				1A200000000000000000000C /* LayoutApplicationPlanner.swift in Sources */,
				1A200000000000000000000D /* LayoutDraft.swift in Sources */,
				1A200000000000000000000E /* LayoutPlanner.swift in Sources */,
				1A200000000000000000000F /* SectionClassifier.swift in Sources */,
				1A2000000000000000000010 /* SectionOrder.swift in Sources */,
				1A2000000000000000000011 /* ItemCache.swift in Sources */,
				1A2000000000000000000012 /* MenuBarInteractionGeometry.swift in Sources */,
				1A2000000000000000000013 /* MenuBarItem.swift in Sources */,
				1A2000000000000000000014 /* MoveDestination.swift in Sources */,
				1A2000000000000000000015 /* MoveDestinationResolver.swift in Sources */,
				1A2000000000000000000016 /* PermissionStatus.swift in Sources */,
				1A2000000000000000000017 /* LayoutPersistence.swift in Sources */,
				1A2000000000000000000018 /* PendingRelocation.swift in Sources */,
				1A2000000000000000000019 /* UserDefaultsSettingsStore.swift in Sources */,
				1A200000000000000000001A /* AppSettings.swift in Sources */,
				1A1000000000000000000009 /* PublicMenuBarDiscoveryProvider.swift in Sources */,
				1A100000000000000000000A /* ScanResultsWindowController.swift in Sources */,
				1A100000000000000000000B /* SettingsView.swift in Sources */,
				1A100000000000000000000C /* SettingsViewModel.swift in Sources */,
				1A100000000000000000000D /* SettingsWindowController.swift in Sources */,
				1A100000000000000000000E /* StatusSectionController.swift in Sources */,
				1A100000000000000000000F /* SystemPermissionChecker.swift in Sources */,
				1A1000000000000000000010 /* main.swift in Sources */,
			);
			runOnlyForDeploymentPostprocessing = 0;
		};
/* End PBXSourcesBuildPhase section */

/* Begin XCBuildConfiguration section */
		1A1000000000000000000801 /* Debug */ = {
			isa = XCBuildConfiguration;
			buildSettings = {
				ALWAYS_SEARCH_USER_PATHS = NO;
				CODE_SIGN_ENTITLEMENTS = App/Corona.entitlements;
				CODE_SIGN_IDENTITY = "-";
				"CODE_SIGN_IDENTITY[sdk=macosx*]" = "Apple Development";
				CODE_SIGN_STYLE = Manual;
				COMBINE_HIDPI_IMAGES = YES;
				"DEVELOPMENT_TEAM[sdk=macosx*]" = 5DF5Z5B263;
				ENABLE_HARDENED_RUNTIME = NO;
				GENERATE_INFOPLIST_FILE = NO;
				INFOPLIST_FILE = App/Info.plist;
				LD_RUNPATH_SEARCH_PATHS = (
					"$(inherited)",
					"@executable_path/../Frameworks",
				);
				MACOSX_DEPLOYMENT_TARGET = 13.0;
				PRODUCT_BUNDLE_IDENTIFIER = com.ltz.corona;
				PRODUCT_NAME = Corona;
				SDKROOT = macosx;
				SWIFT_VERSION = 5.0;
			};
			name = Debug;
		};
		1A1000000000000000000802 /* Release */ = {
			isa = XCBuildConfiguration;
			buildSettings = {
				ALWAYS_SEARCH_USER_PATHS = NO;
				CODE_SIGN_ENTITLEMENTS = App/Corona.entitlements;
				CODE_SIGN_IDENTITY = "Developer ID Application";
				CODE_SIGN_STYLE = Manual;
				COMBINE_HIDPI_IMAGES = YES;
				ENABLE_HARDENED_RUNTIME = YES;
				GENERATE_INFOPLIST_FILE = NO;
				INFOPLIST_FILE = App/Info.plist;
				LD_RUNPATH_SEARCH_PATHS = (
					"$(inherited)",
					"@executable_path/../Frameworks",
				);
				MACOSX_DEPLOYMENT_TARGET = 13.0;
				PRODUCT_BUNDLE_IDENTIFIER = com.ltz.corona;
				PRODUCT_NAME = Corona;
				SDKROOT = macosx;
				SWIFT_COMPILATION_MODE = wholemodule;
				SWIFT_VERSION = 5.0;
			};
			name = Release;
		};
		1A1000000000000000000803 /* Debug */ = {
			isa = XCBuildConfiguration;
			buildSettings = {
				ALWAYS_SEARCH_USER_PATHS = NO;
				MACOSX_DEPLOYMENT_TARGET = 13.0;
				SDKROOT = macosx;
				SWIFT_VERSION = 5.0;
			};
			name = Debug;
		};
		1A1000000000000000000804 /* Release */ = {
			isa = XCBuildConfiguration;
			buildSettings = {
				ALWAYS_SEARCH_USER_PATHS = NO;
				MACOSX_DEPLOYMENT_TARGET = 13.0;
				SDKROOT = macosx;
				SWIFT_VERSION = 5.0;
			};
			name = Release;
		};
/* End XCBuildConfiguration section */

/* Begin XCConfigurationList section */
		1A1000000000000000000701 /* Build configuration list for PBXNativeTarget "CoronaApp" */ = {
			isa = XCConfigurationList;
			buildConfigurations = (
				1A1000000000000000000801 /* Debug */,
				1A1000000000000000000802 /* Release */,
			);
			defaultConfigurationIsVisible = 0;
			defaultConfigurationName = Debug;
		};
		1A1000000000000000000702 /* Build configuration list for PBXProject "Corona" */ = {
			isa = XCConfigurationList;
			buildConfigurations = (
				1A1000000000000000000803 /* Debug */,
				1A1000000000000000000804 /* Release */,
			);
			defaultConfigurationIsVisible = 0;
			defaultConfigurationName = Debug;
		};
/* End XCConfigurationList section */

	};
	rootObject = 1A1000000000000000000601 /* Project object */;
}
